schema: '2.0'
stages:
  training:
    cmd: python train.py
    deps:
    - path: data/raw_dataset
      hash: md5
      md5: 2146a7ada627b3b31dec9b2501164ff7.dir
      size: 446132536
      nfiles: 17831
    - path: params.yaml
      hash: md5
      md5: e25ac4d784e65c0332b1b07bc66add25
      size: 82
    - path: train.py
      hash: md5
      md5: 197bb2046aab9ea3965b933b43f93857
      size: 1237
    - path: utils.py
      hash: md5
      md5: 0bca4044f3300b0b15475e75a49ccb75
      size: 929
    outs:
    - path: models/model_new.pt
      hash: md5
      md5: 00665b898c1fe310ce568bf71adf6671
      size: 6249753
    - path: training_results/train_metrics.csv
      hash: md5
      md5: ca9c31d2d8b903d6e69f7762f795d57d
      size: 8762
  test_model:
    cmd: python test.py
    deps:
    - path: models/model.onnx
      hash: md5
      md5: 36887000d105eb14bf880a9335845daa
      size: 12241405
    - path: potatoes.jpg
      hash: md5
      md5: 5c2f4772def693dc058a7113fa8ac755
      size: 53299
    - path: test.py
      hash: md5
      md5: 2efdead53c848bfcb61923c9bfd72e4b
      size: 367
    - path: utils.py
      hash: md5
      md5: 298a95ebef209a9a021d8e23b61edfd4
      size: 925
    outs:
    - path: test_results/potatoes.jpg
      hash: md5
      md5: 64786431fddf8a9a0b165af53a78817e
      size: 150099
  conversion_to_onnx:
    cmd: python to_onnx.py
    deps:
    - path: models/model.pt
      hash: md5
      md5: 178a25ab5fb8cbe447c3cb06dfbdad53
      size: 6247129
    outs:
    - path: models/model.onnx
      hash: md5
      md5: 36887000d105eb14bf880a9335845daa
      size: 12241405
