schema: '2.0'
stages:
  training:
    cmd: python train.py
    deps:
    - path: data/raw_dataset
      hash: md5
      md5: 2146a7ada627b3b31dec9b2501164ff7.dir
      size: 446132536
      nfiles: 17831
    - path: params.yaml
      hash: md5
      md5: 300ac1523ae9357c92a785402b5710bd
      size: 80
    - path: train.py
      hash: md5
      md5: f44b2f06e13cb61c596393493a8e6663
      size: 977
    - path: utils.py
      hash: md5
      md5: 298a95ebef209a9a021d8e23b61edfd4
      size: 925
    outs:
    - path: models/model.pt
      hash: md5
      md5: 87838ddc9e098479e9b77da19641ce5c
      size: 6247129
    - path: training_results/train_metrics.csv
      hash: md5
      md5: 9a6043f9903d58e94e4ca7074fde2588
      size: 1348
  test_model:
    cmd: python test.py
    deps:
    - path: models/model.pt
      hash: md5
      md5: 87838ddc9e098479e9b77da19641ce5c
      size: 6247129
    - path: potatoes.jpg
      hash: md5
      md5: 5c2f4772def693dc058a7113fa8ac755
      size: 53299
    - path: test.py
      hash: md5
      md5: deb65bc5da45827a850ea79b52d7ad5d
      size: 353
    - path: utils.py
      hash: md5
      md5: 298a95ebef209a9a021d8e23b61edfd4
      size: 925
    outs:
    - path: test_results/potatoes.jpg
      hash: md5
      md5: abdb72a780a36c1755cb3bda3b7c5a12
      size: 149416
